{
  "nodes": {
    "emacs-d": {
      "flake": false,
      "locked": {
        "lastModified": 1671816527,
        "narHash": "sha256-M7+KbG2Ntndu5lOItb12DP6goj282kCE+wJrv40dm0s=",
        "owner": "andreoss",
        "repo": ".emacs.d",
        "rev": "093d54b8e357061230b8cd9cfc65b8fb78e06c73",
        "type": "github"
      },
      "original": {
        "owner": "andreoss",
        "ref": "master",
        "repo": ".emacs.d",
        "type": "github"
      }
    },
    "emacs-overlay": {
      "inputs": {
        "flake-utils": "flake-utils",
        "nixpkgs": "nixpkgs"
      },
      "locked": {
        "lastModified": 1672132398,
        "narHash": "sha256-eiHIeVAv0/RioqX3N8FzMBNiDuj/PhwrxYbJbT+Yuu4=",
        "owner": "nix-community",
        "repo": "emacs-overlay",
        "rev": "ebbb22510930b5153de22357518ebd8ce7ed93b3",
        "type": "github"
      },
      "original": {
        "owner": "nix-community",
        "ref": "master",
        "repo": "emacs-overlay",
        "type": "github"
      }
    },
    "flake-utils": {
      "locked": {
        "lastModified": 1667395993,
        "narHash": "sha256-nuEHfE/LcWyuSWnS8t12N1wc105Qtau+/OdUAjtQ0rA=",
        "owner": "numtide",
        "repo": "flake-utils",
        "rev": "5aed5285a952e0b949eb3ba02c12fa4fcfef535f",
        "type": "github"
      },
      "original": {
        "owner": "numtide",
        "repo": "flake-utils",
        "type": "github"
      }
    },
    "guix-overlay": {
      "inputs": {
        "nixpkgs": [
          "nixpkgs-stable"
        ]
      },
      "locked": {
        "lastModified": 1671581861,
        "narHash": "sha256-tj6mhEHpvVXz38DtnYytq9IzWm0qX/ie0IuPyLkQUe4=",
        "owner": "foo-dogsquared",
        "repo": "nix-overlay-guix",
        "rev": "6ea748a541fa994058de94903fd1adaa3e1f6a8a",
        "type": "github"
      },
      "original": {
        "owner": "foo-dogsquared",
        "repo": "nix-overlay-guix",
        "type": "github"
      }
    },
    "home-manager": {
      "inputs": {
        "nixpkgs": [
          "nixpkgs"
        ],
        "utils": "utils"
      },
      "locked": {
        "lastModified": 1671966569,
        "narHash": "sha256-jbLgfSnmLchARBNFRvCic63CFQ9LAyvlXnBpc2kwjQc=",
        "owner": "nix-community",
        "repo": "home-manager",
        "rev": "c55fa26ce05fee8e063db22918d05a73d430b2ea",
        "type": "github"
      },
      "original": {
        "owner": "nix-community",
        "repo": "home-manager",
        "type": "github"
      }
    },
    "hosts": {
      "flake": false,
      "locked": {
        "lastModified": 1672067788,
        "narHash": "sha256-kjL03L5RKC3dVDa1I6X8O+L1Bsyb+ysRPAxVHq6jTmc=",
        "owner": "StevenBlack",
        "repo": "hosts",
        "rev": "35390a1e65a2f88153bf5e8a98d4e576a7fe8b1f",
        "type": "github"
      },
      "original": {
        "owner": "StevenBlack",
        "ref": "master",
        "repo": "hosts",
        "type": "github"
      }
    },
    "nixpkgs": {
      "locked": {
        "lastModified": 1672057183,
        "narHash": "sha256-GN7/10DNNvs1FPj9tlZA2qgNdFuYKKuS3qlHTqAxasQ=",
        "owner": "NixOS",
        "repo": "nixpkgs",
        "rev": "b139e44d78c36c69bcbb825b20dbfa51e7738347",
        "type": "github"
      },
      "original": {
        "id": "nixpkgs",
        "type": "indirect"
      }
    },
    "nixpkgs-stable": {
      "locked": {
        "lastModified": 1671813978,
        "narHash": "sha256-oo4we+9IO1D+QS1mOSNh08l9ABDPWLyqvNC0DD0QtZM=",
        "owner": "nixos",
        "repo": "nixpkgs",
        "rev": "79e63f30ed2ff36cd0d9c2f7dadae5925c1a65db",
        "type": "github"
      },
      "original": {
        "owner": "nixos",
        "ref": "nixos-22.05",
        "repo": "nixpkgs",
        "type": "github"
      }
    },
    "nixpkgs_2": {
      "locked": {
        "lastModified": 1672142372,
        "narHash": "sha256-Fd3Kcw97n5439FCUVeTMMknHFHOdZ2nPgsSXsZi8KBg=",
        "owner": "nixos",
        "repo": "nixpkgs",
        "rev": "a753a425963129f149459cbaea1f46a4bea67636",
        "type": "github"
      },
      "original": {
        "owner": "nixos",
        "ref": "master",
        "repo": "nixpkgs",
        "type": "github"
      }
    },
    "root": {
      "inputs": {
        "emacs-d": "emacs-d",
        "emacs-overlay": "emacs-overlay",
        "guix-overlay": "guix-overlay",
        "home-manager": "home-manager",
        "hosts": "hosts",
        "nixpkgs": "nixpkgs_2",
        "nixpkgs-stable": "nixpkgs-stable",
        "urxvt-context-ext": "urxvt-context-ext",
        "user-js": "user-js"
      }
    },
    "urxvt-context-ext": {
      "flake": false,
      "locked": {
        "lastModified": 1259936590,
        "narHash": "sha256-unAgb9OkQqnG8Ch30+8Yv5Gndbskzb7hqkqHb0Kl9UQ=",
        "owner": "andreoss",
        "repo": "urxvt-context",
        "rev": "58d09fc71b6a3ffa5a341c9a6c238a8143a4a0ef",
        "type": "github"
      },
      "original": {
        "owner": "andreoss",
        "ref": "master",
        "repo": "urxvt-context",
        "type": "github"
      }
    },
    "user-js": {
      "flake": false,
      "locked": {
        "lastModified": 1670682948,
        "narHash": "sha256-yFg8U4D+qD9UQXhpAXrl9Ksj16zrCLOgahMtT9QS2Y8=",
        "owner": "arkenfox",
        "repo": "user.js",
        "rev": "7135907b2fe13fa55eb8ebf162603037f83e353c",
        "type": "github"
      },
      "original": {
        "owner": "arkenfox",
        "ref": "master",
        "repo": "user.js",
        "type": "github"
      }
    },
    "utils": {
      "locked": {
        "lastModified": 1667395993,
        "narHash": "sha256-nuEHfE/LcWyuSWnS8t12N1wc105Qtau+/OdUAjtQ0rA=",
        "owner": "numtide",
        "repo": "flake-utils",
        "rev": "5aed5285a952e0b949eb3ba02c12fa4fcfef535f",
        "type": "github"
      },
      "original": {
        "owner": "numtide",
        "repo": "flake-utils",
        "type": "github"
      }
    }
  },
  "root": "root",
  "version": 7
}
