{
  "nodes": {
    "emacs-d": {
      "flake": false,
      "locked": {
        "lastModified": 1669428015,
        "narHash": "sha256-lZFsr3mbu4tY6O4b8ncm4Rq86St3YodbeYTkmM5pLRE=",
        "owner": "andreoss",
        "repo": ".emacs.d",
        "rev": "788654bae33b118b4f72fdc898080a9e4add8868",
        "type": "github"
      },
      "original": {
        "owner": "andreoss",
        "ref": "master",
        "repo": ".emacs.d",
        "type": "github"
      }
    },
    "emacs-overlay": {
      "inputs": {
        "flake-utils": "flake-utils",
        "nixpkgs": "nixpkgs"
      },
      "locked": {
        "lastModified": 1670264298,
        "narHash": "sha256-Spj2nMBXq6S/fAtagi2EotlbyXhMb0RPA0vy5JhnD9w=",
        "owner": "nix-community",
        "repo": "emacs-overlay",
        "rev": "612fc9ab31d2cdfe6ca99d606c49072d90c4e42b",
        "type": "github"
      },
      "original": {
        "owner": "nix-community",
        "ref": "master",
        "repo": "emacs-overlay",
        "type": "github"
      }
    },
    "flake-utils": {
      "locked": {
        "lastModified": 1667395993,
        "narHash": "sha256-nuEHfE/LcWyuSWnS8t12N1wc105Qtau+/OdUAjtQ0rA=",
        "owner": "numtide",
        "repo": "flake-utils",
        "rev": "5aed5285a952e0b949eb3ba02c12fa4fcfef535f",
        "type": "github"
      },
      "original": {
        "owner": "numtide",
        "repo": "flake-utils",
        "type": "github"
      }
    },
    "guix-overlay": {
      "inputs": {
        "nixpkgs": [
          "nixpkgs-stable"
        ]
      },
      "locked": {
        "lastModified": 1667878135,
        "narHash": "sha256-NEfvSZg+MAS4UWZ4oWL35SVWjogef8sPc+bVuBOpZf0=",
        "owner": "foo-dogsquared",
        "repo": "nix-overlay-guix",
        "rev": "82b88f9b183ca42174c194072d9d12965e22f4f7",
        "type": "github"
      },
      "original": {
        "owner": "foo-dogsquared",
        "repo": "nix-overlay-guix",
        "type": "github"
      }
    },
    "home-manager": {
      "inputs": {
        "nixpkgs": [
          "nixpkgs"
        ],
        "utils": "utils"
      },
      "locked": {
        "lastModified": 1670280307,
        "narHash": "sha256-3x+0whP1nCz5adQMIsBA3L9fI/ABOpRUJdbw0AmxBnU=",
        "owner": "nix-community",
        "repo": "home-manager",
        "rev": "2af0d07678fc15612345e0dd55337550dcf6465f",
        "type": "github"
      },
      "original": {
        "owner": "nix-community",
        "repo": "home-manager",
        "type": "github"
      }
    },
    "hosts": {
      "flake": false,
      "locked": {
        "lastModified": 1670181846,
        "narHash": "sha256-75MyFoITp2B6Pzn4rWOYHHAsEFouIckWY7cr7vVLtr4=",
        "owner": "StevenBlack",
        "repo": "hosts",
        "rev": "9b502d99e630bbec2a9a6b8178ef271a9b3c7c2c",
        "type": "github"
      },
      "original": {
        "owner": "StevenBlack",
        "ref": "master",
        "repo": "hosts",
        "type": "github"
      }
    },
    "nixpkgs": {
      "locked": {
        "lastModified": 1670148586,
        "narHash": "sha256-EcDfOiTHs0UBAtyGc0wxJJdhcMjrJEgWXjJutxZGA3E=",
        "owner": "NixOS",
        "repo": "nixpkgs",
        "rev": "a2d2f70b82ada0eadbcb1df2bca32d841a3c1bf1",
        "type": "github"
      },
      "original": {
        "id": "nixpkgs",
        "type": "indirect"
      }
    },
    "nixpkgs-stable": {
      "locked": {
        "lastModified": 1670083709,
        "narHash": "sha256-UL4czXyVoKSCqAbNkfJEu2M+XhIVNwBGkyDt+UbtA5E=",
        "owner": "nixos",
        "repo": "nixpkgs",
        "rev": "e09913998d89659044c29ef5df4a86542e78a2ef",
        "type": "github"
      },
      "original": {
        "owner": "nixos",
        "ref": "nixos-22.05",
        "repo": "nixpkgs",
        "type": "github"
      }
    },
    "nixpkgs_2": {
      "locked": {
        "lastModified": 1670064435,
        "narHash": "sha256-+ELoY30UN+Pl3Yn7RWRPabykwebsVK/kYE9JsIsUMxQ=",
        "owner": "nixos",
        "repo": "nixpkgs",
        "rev": "61a8a98e6d557e6dd7ed0cdb54c3a3e3bbc5e25c",
        "type": "github"
      },
      "original": {
        "owner": "nixos",
        "ref": "nixos-unstable",
        "repo": "nixpkgs",
        "type": "github"
      }
    },
    "root": {
      "inputs": {
        "emacs-d": "emacs-d",
        "emacs-overlay": "emacs-overlay",
        "guix-overlay": "guix-overlay",
        "home-manager": "home-manager",
        "hosts": "hosts",
        "nixpkgs": "nixpkgs_2",
        "nixpkgs-stable": "nixpkgs-stable",
        "urxvt-context-ext": "urxvt-context-ext",
        "user-js": "user-js"
      }
    },
    "urxvt-context-ext": {
      "flake": false,
      "locked": {
        "lastModified": 1259936590,
        "narHash": "sha256-unAgb9OkQqnG8Ch30+8Yv5Gndbskzb7hqkqHb0Kl9UQ=",
        "owner": "andreoss",
        "repo": "urxvt-context",
        "rev": "58d09fc71b6a3ffa5a341c9a6c238a8143a4a0ef",
        "type": "github"
      },
      "original": {
        "owner": "andreoss",
        "ref": "master",
        "repo": "urxvt-context",
        "type": "github"
      }
    },
    "user-js": {
      "flake": false,
      "locked": {
        "lastModified": 1670266131,
        "narHash": "sha256-hf+fLTT67YWJPTkKgLxyP6KRAhiCaxuGY7GLltTyZvc=",
        "owner": "arkenfox",
        "repo": "user.js",
        "rev": "e4a85c30c129cf664cc8a39705bb070fce828d33",
        "type": "github"
      },
      "original": {
        "owner": "arkenfox",
        "ref": "master",
        "repo": "user.js",
        "type": "github"
      }
    },
    "utils": {
      "locked": {
        "lastModified": 1667395993,
        "narHash": "sha256-nuEHfE/LcWyuSWnS8t12N1wc105Qtau+/OdUAjtQ0rA=",
        "owner": "numtide",
        "repo": "flake-utils",
        "rev": "5aed5285a952e0b949eb3ba02c12fa4fcfef535f",
        "type": "github"
      },
      "original": {
        "owner": "numtide",
        "repo": "flake-utils",
        "type": "github"
      }
    }
  },
  "root": "root",
  "version": 7
}
