{
  "nodes": {
    "dmenu": {
      "inputs": {
        "flake-utils": "flake-utils",
        "nixpkgs": "nixpkgs"
      },
      "locked": {
        "lastModified": 1679577831,
        "narHash": "sha256-RB+v1IfNHgpTiZIj1gDHD67x5ZTZLfT7Ehj8VNqoUhQ=",
        "owner": "andreoss",
        "repo": "dmenu",
        "rev": "e6fe1f5ec68169f3380c59f99625af11d5f6e95f",
        "type": "github"
      },
      "original": {
        "owner": "andreoss",
        "repo": "dmenu",
        "type": "github"
      }
    },
    "dnscrypt-module": {
      "inputs": {
        "nixpkgs": "nixpkgs_2"
      },
      "locked": {
        "lastModified": 1679699914,
        "narHash": "sha256-qqbtNSQLgi10v8xK2OBSoAJZyEjXtpdNYpdw7z8lMNs=",
        "owner": "andreoss",
        "repo": "dnscrypt-nixos-module",
        "rev": "88902f4f08a65b3d4c27af439577452c3475ceb5",
        "type": "github"
      },
      "original": {
        "owner": "andreoss",
        "repo": "dnscrypt-nixos-module",
        "type": "github"
      }
    },
    "elisp-autofmt": {
      "flake": false,
      "locked": {
        "lastModified": 1678232540,
        "narHash": "sha256-pgg4z2DUqg9nwRP5gxPRezTgOCkZgEK3E34lKw9zwMw=",
        "ref": "refs/heads/main",
        "rev": "ea5c047bc0f11e8bed5744ec2f876d3cb42b05f4",
        "revCount": 274,
        "type": "git",
        "url": "https://codeberg.org/ideasman42/emacs-elisp-autofmt.git"
      },
      "original": {
        "type": "git",
        "url": "https://codeberg.org/ideasman42/emacs-elisp-autofmt.git"
      }
    },
    "emacs-d": {
      "inputs": {
        "elisp-autofmt": "elisp-autofmt",
        "emacs-overlay": "emacs-overlay",
        "flake-utils": "flake-utils_3",
        "jc-themes": "jc-themes",
        "nixpkgs": "nixpkgs_4"
      },
      "locked": {
        "lastModified": 1679713923,
        "narHash": "sha256-mG0imrvfh1ZAEILBmdwI31XymrgksTHOkYTuHojoqyQ=",
        "owner": "andreoss",
        "repo": ".emacs.d",
        "rev": "22d4980470450fdd47cdfc6fba63acc9488d9d50",
        "type": "github"
      },
      "original": {
        "owner": "andreoss",
        "repo": ".emacs.d",
        "type": "github"
      }
    },
    "emacs-overlay": {
      "inputs": {
        "flake-utils": "flake-utils_2",
        "nixpkgs": "nixpkgs_3"
      },
      "locked": {
        "lastModified": 1679712978,
        "narHash": "sha256-Wl643FvM8aLvg8GL053lS1NBmdniTQM4gBGq5r7U0M4=",
        "owner": "nix-community",
        "repo": "emacs-overlay",
        "rev": "edd4e53eac41bf568856c3728ef0f640411f5e5f",
        "type": "github"
      },
      "original": {
        "owner": "nix-community",
        "repo": "emacs-overlay",
        "type": "github"
      }
    },
    "emacs-overlay_2": {
      "inputs": {
        "flake-utils": "flake-utils_4",
        "nixpkgs": "nixpkgs_5"
      },
      "locked": {
        "lastModified": 1679712978,
        "narHash": "sha256-Wl643FvM8aLvg8GL053lS1NBmdniTQM4gBGq5r7U0M4=",
        "owner": "nix-community",
        "repo": "emacs-overlay",
        "rev": "edd4e53eac41bf568856c3728ef0f640411f5e5f",
        "type": "github"
      },
      "original": {
        "owner": "nix-community",
        "repo": "emacs-overlay",
        "type": "github"
      }
    },
    "flake-utils": {
      "locked": {
        "lastModified": 1676283394,
        "narHash": "sha256-XX2f9c3iySLCw54rJ/CZs+ZK6IQy7GXNY4nSOyu2QG4=",
        "owner": "numtide",
        "repo": "flake-utils",
        "rev": "3db36a8b464d0c4532ba1c7dda728f4576d6d073",
        "type": "github"
      },
      "original": {
        "owner": "numtide",
        "repo": "flake-utils",
        "type": "github"
      }
    },
    "flake-utils_2": {
      "locked": {
        "lastModified": 1667395993,
        "narHash": "sha256-nuEHfE/LcWyuSWnS8t12N1wc105Qtau+/OdUAjtQ0rA=",
        "owner": "numtide",
        "repo": "flake-utils",
        "rev": "5aed5285a952e0b949eb3ba02c12fa4fcfef535f",
        "type": "github"
      },
      "original": {
        "owner": "numtide",
        "repo": "flake-utils",
        "type": "github"
      }
    },
    "flake-utils_3": {
      "locked": {
        "lastModified": 1678901627,
        "narHash": "sha256-U02riOqrKKzwjsxc/400XnElV+UtPUQWpANPlyazjH0=",
        "owner": "numtide",
        "repo": "flake-utils",
        "rev": "93a2b84fc4b70d9e089d029deacc3583435c2ed6",
        "type": "github"
      },
      "original": {
        "owner": "numtide",
        "repo": "flake-utils",
        "type": "github"
      }
    },
    "flake-utils_4": {
      "locked": {
        "lastModified": 1667395993,
        "narHash": "sha256-nuEHfE/LcWyuSWnS8t12N1wc105Qtau+/OdUAjtQ0rA=",
        "owner": "numtide",
        "repo": "flake-utils",
        "rev": "5aed5285a952e0b949eb3ba02c12fa4fcfef535f",
        "type": "github"
      },
      "original": {
        "owner": "numtide",
        "repo": "flake-utils",
        "type": "github"
      }
    },
    "flake-utils_5": {
      "locked": {
        "lastModified": 1678901627,
        "narHash": "sha256-U02riOqrKKzwjsxc/400XnElV+UtPUQWpANPlyazjH0=",
        "owner": "numtide",
        "repo": "flake-utils",
        "rev": "93a2b84fc4b70d9e089d029deacc3583435c2ed6",
        "type": "github"
      },
      "original": {
        "owner": "numtide",
        "repo": "flake-utils",
        "type": "github"
      }
    },
    "flake-utils_6": {
      "locked": {
        "lastModified": 1676283394,
        "narHash": "sha256-XX2f9c3iySLCw54rJ/CZs+ZK6IQy7GXNY4nSOyu2QG4=",
        "owner": "numtide",
        "repo": "flake-utils",
        "rev": "3db36a8b464d0c4532ba1c7dda728f4576d6d073",
        "type": "github"
      },
      "original": {
        "owner": "numtide",
        "repo": "flake-utils",
        "type": "github"
      }
    },
    "guix-overlay": {
      "inputs": {
        "nixpkgs": "nixpkgs_6"
      },
      "locked": {
        "lastModified": 1671581861,
        "narHash": "sha256-tj6mhEHpvVXz38DtnYytq9IzWm0qX/ie0IuPyLkQUe4=",
        "owner": "foo-dogsquared",
        "repo": "nix-overlay-guix",
        "rev": "6ea748a541fa994058de94903fd1adaa3e1f6a8a",
        "type": "github"
      },
      "original": {
        "owner": "foo-dogsquared",
        "repo": "nix-overlay-guix",
        "type": "github"
      }
    },
    "home-manager": {
      "inputs": {
        "nixpkgs": "nixpkgs_7",
        "utils": "utils"
      },
      "locked": {
        "lastModified": 1679684476,
        "narHash": "sha256-WTYZFt9cJmOSp1n3hxAS+BQnu7smcBsC98RSgdp2qsE=",
        "owner": "nix-community",
        "repo": "home-manager",
        "rev": "db37c537603d1d45d022cc0666ad45197455b364",
        "type": "github"
      },
      "original": {
        "owner": "nix-community",
        "repo": "home-manager",
        "type": "github"
      }
    },
    "hosts": {
      "flake": false,
      "locked": {
        "lastModified": 1679429281,
        "narHash": "sha256-HoNX57lCoIr36B/7HMuazWSWeAPPfWY1oZf6dXnxYIE=",
        "owner": "StevenBlack",
        "repo": "hosts",
        "rev": "3887abb4598958122a0df03b3f098c523564abba",
        "type": "github"
      },
      "original": {
        "owner": "StevenBlack",
        "ref": "master",
        "repo": "hosts",
        "type": "github"
      }
    },
    "jc-themes": {
      "flake": false,
      "locked": {
        "lastModified": 1676608501,
        "narHash": "sha256-aGAiHzHXZvgKEECtoL5eHJxZp1iutIKuMNt3g6/M5kU=",
        "owner": "andreoss",
        "repo": "jc-themes",
        "rev": "1f73e0e20983aaa8261e9d861869f6bbcd77c65e",
        "type": "gitlab"
      },
      "original": {
        "owner": "andreoss",
        "ref": "master",
        "repo": "jc-themes",
        "type": "gitlab"
      }
    },
    "kernel-overlay": {
      "inputs": {
        "nixpkgs": "nixpkgs_8"
      },
      "locked": {
        "lastModified": 1679534660,
        "narHash": "sha256-/XD3m03JJdq6R4erwyoFli/nBBlIPWKiezm1x9BY9cs=",
        "owner": "andreoss",
        "repo": "kernel-overlay",
        "rev": "f850d2a7aad019f65809d0d09494bc4a777df0d9",
        "type": "github"
      },
      "original": {
        "owner": "andreoss",
        "repo": "kernel-overlay",
        "type": "github"
      }
    },
    "nixos-hardware": {
      "locked": {
        "lastModified": 1679598117,
        "narHash": "sha256-Vs1f/7imI77OkMOQhO3xgx4jalN2Gx3D3C2wmnlpWJM=",
        "owner": "NixOS",
        "repo": "nixos-hardware",
        "rev": "648021dcb2b65498eed3ea3a7339cdfc3bea4d82",
        "type": "github"
      },
      "original": {
        "owner": "NixOS",
        "repo": "nixos-hardware",
        "type": "github"
      }
    },
    "nixpkgs": {
      "locked": {
        "lastModified": 1677932085,
        "narHash": "sha256-+AB4dYllWig8iO6vAiGGYl0NEgmMgGHpy9gzWJ3322g=",
        "owner": "nixos",
        "repo": "nixpkgs",
        "rev": "3c5319ad3aa51551182ac82ea17ab1c6b0f0df89",
        "type": "github"
      },
      "original": {
        "owner": "nixos",
        "ref": "nixos-unstable",
        "repo": "nixpkgs",
        "type": "github"
      }
    },
    "nixpkgs_10": {
      "locked": {
        "lastModified": 1679644522,
        "narHash": "sha256-Fgi0g7NHz7h+/dXFdyDmUeQrARxmfzTlkcxsyiW3dPQ=",
        "owner": "NixOS",
        "repo": "nixpkgs",
        "rev": "d4660b45bc031d98cecd233babf1df7f6d64b65e",
        "type": "github"
      },
      "original": {
        "id": "nixpkgs",
        "type": "indirect"
      }
    },
    "nixpkgs_11": {
      "locked": {
        "lastModified": 1676885936,
        "narHash": "sha256-ZRKb6zBfTvdCOXI7nGC1L9UWSU5ay2ltxg+f5UIzBOU=",
        "owner": "nixos",
        "repo": "nixpkgs",
        "rev": "b69883faca9542d135fa6bab7928ff1b233c167f",
        "type": "github"
      },
      "original": {
        "owner": "nixos",
        "ref": "nixos-unstable",
        "repo": "nixpkgs",
        "type": "github"
      }
    },
    "nixpkgs_2": {
      "locked": {
        "lastModified": 1679644522,
        "narHash": "sha256-Fgi0g7NHz7h+/dXFdyDmUeQrARxmfzTlkcxsyiW3dPQ=",
        "owner": "NixOS",
        "repo": "nixpkgs",
        "rev": "d4660b45bc031d98cecd233babf1df7f6d64b65e",
        "type": "github"
      },
      "original": {
        "id": "nixpkgs",
        "type": "indirect"
      }
    },
    "nixpkgs_3": {
      "locked": {
        "lastModified": 1673540789,
        "narHash": "sha256-xqnxBOK3qctIeUVxecydrEDbEXjsvHCPGPbvsl63M/U=",
        "owner": "NixOS",
        "repo": "nixpkgs",
        "rev": "0f213d0fee84280d8c3a97f7469b988d6fe5fcdf",
        "type": "github"
      },
      "original": {
        "owner": "NixOS",
        "ref": "nixos-unstable",
        "repo": "nixpkgs",
        "type": "github"
      }
    },
    "nixpkgs_4": {
      "locked": {
        "lastModified": 1679437018,
        "narHash": "sha256-vOuiDPLHSEo/7NkiWtxpHpHgoXoNmrm+wkXZ6a072Fc=",
        "owner": "nixos",
        "repo": "nixpkgs",
        "rev": "19cf008bb18e47b6e3b4e16e32a9a4bdd4b45f7e",
        "type": "github"
      },
      "original": {
        "owner": "nixos",
        "ref": "nixos-unstable",
        "repo": "nixpkgs",
        "type": "github"
      }
    },
    "nixpkgs_5": {
      "locked": {
        "lastModified": 1673540789,
        "narHash": "sha256-xqnxBOK3qctIeUVxecydrEDbEXjsvHCPGPbvsl63M/U=",
        "owner": "NixOS",
        "repo": "nixpkgs",
        "rev": "0f213d0fee84280d8c3a97f7469b988d6fe5fcdf",
        "type": "github"
      },
      "original": {
        "owner": "NixOS",
        "ref": "nixos-unstable",
        "repo": "nixpkgs",
        "type": "github"
      }
    },
    "nixpkgs_6": {
      "locked": {
        "lastModified": 1665763903,
        "narHash": "sha256-znGWY4x688cZ3Ii01qLnhl+mSKpQ9iCufGxfdV6oBOc=",
        "owner": "NixOS",
        "repo": "nixpkgs",
        "rev": "78a37aa630faa41944060a966607d4f1128ea94b",
        "type": "github"
      },
      "original": {
        "owner": "NixOS",
        "ref": "nixos-22.05",
        "repo": "nixpkgs",
        "type": "github"
      }
    },
    "nixpkgs_7": {
      "locked": {
        "lastModified": 1677932085,
        "narHash": "sha256-+AB4dYllWig8iO6vAiGGYl0NEgmMgGHpy9gzWJ3322g=",
        "owner": "nixos",
        "repo": "nixpkgs",
        "rev": "3c5319ad3aa51551182ac82ea17ab1c6b0f0df89",
        "type": "github"
      },
      "original": {
        "owner": "nixos",
        "ref": "nixos-unstable",
        "repo": "nixpkgs",
        "type": "github"
      }
    },
    "nixpkgs_8": {
      "locked": {
        "lastModified": 1679437018,
        "narHash": "sha256-vOuiDPLHSEo/7NkiWtxpHpHgoXoNmrm+wkXZ6a072Fc=",
        "owner": "NixOS",
        "repo": "nixpkgs",
        "rev": "19cf008bb18e47b6e3b4e16e32a9a4bdd4b45f7e",
        "type": "github"
      },
      "original": {
        "owner": "NixOS",
        "ref": "nixos-unstable",
        "repo": "nixpkgs",
        "type": "github"
      }
    },
    "nixpkgs_9": {
      "locked": {
        "lastModified": 1679437018,
        "narHash": "sha256-vOuiDPLHSEo/7NkiWtxpHpHgoXoNmrm+wkXZ6a072Fc=",
        "owner": "nixos",
        "repo": "nixpkgs",
        "rev": "19cf008bb18e47b6e3b4e16e32a9a4bdd4b45f7e",
        "type": "github"
      },
      "original": {
        "owner": "nixos",
        "ref": "nixos-unstable",
        "repo": "nixpkgs",
        "type": "github"
      }
    },
    "nodm-module": {
      "inputs": {
        "nixpkgs": "nixpkgs_10"
      },
      "locked": {
        "lastModified": 1679611136,
        "narHash": "sha256-4r7ZL4HQZsbTj+k8iHQVtBQ7J21ZEXmtiy0DVCp8MdQ=",
        "owner": "andreoss",
        "repo": "nodm-nixos-module",
        "rev": "2f971074eb249eadf7591c2a72450681e911b18a",
        "type": "github"
      },
      "original": {
        "owner": "andreoss",
        "repo": "nodm-nixos-module",
        "type": "github"
      }
    },
    "password-store": {
      "flake": false,
      "locked": {
        "lastModified": 1678197697,
        "narHash": "sha256-Rw60ol4M+R5XrA9w0LZbc+gxWXjDxIoxCW9fqiIyREI=",
        "ref": "refs/heads/master",
        "rev": "50f9c446b702f3c361970c41f04554aa0aa9f137",
        "revCount": 1,
        "type": "git",
        "url": "ssh://git@github.com/andreoss/.password-store.git"
      },
      "original": {
        "type": "git",
        "url": "ssh://git@github.com/andreoss/.password-store.git"
      }
    },
    "root": {
      "inputs": {
        "dmenu": "dmenu",
        "dnscrypt-module": "dnscrypt-module",
        "emacs-d": "emacs-d",
        "emacs-overlay": "emacs-overlay_2",
        "flake-utils": "flake-utils_5",
        "guix-overlay": "guix-overlay",
        "home-manager": "home-manager",
        "hosts": "hosts",
        "kernel-overlay": "kernel-overlay",
        "nixos-hardware": "nixos-hardware",
        "nixpkgs": "nixpkgs_9",
        "nodm-module": "nodm-module",
        "password-store": "password-store",
        "urxvt-context-ext": "urxvt-context-ext",
        "user-js": "user-js",
        "wfica": "wfica"
      }
    },
    "urxvt-context-ext": {
      "flake": false,
      "locked": {
        "lastModified": 1259936590,
        "narHash": "sha256-unAgb9OkQqnG8Ch30+8Yv5Gndbskzb7hqkqHb0Kl9UQ=",
        "owner": "andreoss",
        "repo": "urxvt-context",
        "rev": "58d09fc71b6a3ffa5a341c9a6c238a8143a4a0ef",
        "type": "github"
      },
      "original": {
        "owner": "andreoss",
        "ref": "master",
        "repo": "urxvt-context",
        "type": "github"
      }
    },
    "user-js": {
      "flake": false,
      "locked": {
        "lastModified": 1679224600,
        "narHash": "sha256-O4QPDKSDbSuM68vIqQQuQoi1x5ifygFYairaEXGXxKA=",
        "owner": "arkenfox",
        "repo": "user.js",
        "rev": "bdaa2867b923669361a8527065e919c839668599",
        "type": "github"
      },
      "original": {
        "owner": "arkenfox",
        "ref": "master",
        "repo": "user.js",
        "type": "github"
      }
    },
    "utils": {
      "locked": {
        "lastModified": 1676283394,
        "narHash": "sha256-XX2f9c3iySLCw54rJ/CZs+ZK6IQy7GXNY4nSOyu2QG4=",
        "owner": "numtide",
        "repo": "flake-utils",
        "rev": "3db36a8b464d0c4532ba1c7dda728f4576d6d073",
        "type": "github"
      },
      "original": {
        "owner": "numtide",
        "repo": "flake-utils",
        "type": "github"
      }
    },
    "wfica": {
      "inputs": {
        "flake-utils": "flake-utils_6",
        "nixpkgs": "nixpkgs_11"
      },
      "locked": {
        "lastModified": 1678081631,
        "narHash": "sha256-QfKCziTNRoXnDfxajescbOaCZ7jujdWKi1o4fShQejY=",
        "owner": "andreoss",
        "repo": "citrix",
        "rev": "d0bd4d35d098075431ad0c32597505ef77a9a737",
        "type": "github"
      },
      "original": {
        "owner": "andreoss",
        "repo": "citrix",
        "type": "github"
      }
    }
  },
  "root": "root",
  "version": 7
}
